// !$*UTF8*$!
{
	archiveVersion = 1;
	classes = {
	};
	objectVersion = 46;
	objects = {

/* Begin PBXBuildFile section */
		A69DCC0C1D5CDF51005557FC /* main.m in Sources */ = {isa = PBXBuildFile; fileRef = A69DCC0B1D5CDF51005557FC /* main.m */; };
		A69DCC0F1D5CDF51005557FC /* AppDelegate.m in Sources */ = {isa = PBXBuildFile; fileRef = A69DCC0E1D5CDF51005557FC /* AppDelegate.m */; };
		A69DCC121D5CDF51005557FC /* ViewController.m in Sources */ = {isa = PBXBuildFile; fileRef = A69DCC111D5CDF51005557FC /* ViewController.m */; };
		A69DCC151D5CDF51005557FC /* Main.storyboard in Resources */ = {isa = PBXBuildFile; fileRef = A69DCC131D5CDF51005557FC /* Main.storyboard */; };
		A69DCC171D5CDF51005557FC /* Assets.xcassets in Resources */ = {isa = PBXBuildFile; fileRef = A69DCC161D5CDF51005557FC /* Assets.xcassets */; };
		A69DCC1A1D5CDF51005557FC /* LaunchScreen.storyboard in Resources */ = {isa = PBXBuildFile; fileRef = A69DCC181D5CDF51005557FC /* LaunchScreen.storyboard */; };
		A69DCC4B1D5CE000005557FC /* MASCompositeConstraint.m in Sources */ = {isa = PBXBuildFile; fileRef = A69DCC351D5CE000005557FC /* MASCompositeConstraint.m */; };
		A69DCC4C1D5CE000005557FC /* MASConstraint.m in Sources */ = {isa = PBXBuildFile; fileRef = A69DCC381D5CE000005557FC /* MASConstraint.m */; };
		A69DCC4D1D5CE000005557FC /* MASConstraintMaker.m in Sources */ = {isa = PBXBuildFile; fileRef = A69DCC3A1D5CE000005557FC /* MASConstraintMaker.m */; };
		A69DCC4E1D5CE000005557FC /* MASLayoutConstraint.m in Sources */ = {isa = PBXBuildFile; fileRef = A69DCC3C1D5CE000005557FC /* MASLayoutConstraint.m */; };
		A69DCC4F1D5CE000005557FC /* MASViewAttribute.m in Sources */ = {isa = PBXBuildFile; fileRef = A69DCC401D5CE000005557FC /* MASViewAttribute.m */; };
		A69DCC501D5CE000005557FC /* MASViewConstraint.m in Sources */ = {isa = PBXBuildFile; fileRef = A69DCC421D5CE000005557FC /* MASViewConstraint.m */; };
		A69DCC511D5CE000005557FC /* NSArray+MASAdditions.m in Sources */ = {isa = PBXBuildFile; fileRef = A69DCC441D5CE000005557FC /* NSArray+MASAdditions.m */; };
		A69DCC521D5CE000005557FC /* NSLayoutConstraint+MASDebugAdditions.m in Sources */ = {isa = PBXBuildFile; fileRef = A69DCC471D5CE000005557FC /* NSLayoutConstraint+MASDebugAdditions.m */; };
		A69DCC531D5CE000005557FC /* View+MASAdditions.m in Sources */ = {isa = PBXBuildFile; fileRef = A69DCC491D5CE000005557FC /* View+MASAdditions.m */; };
		A69DCC5A1D5CE076005557FC /* ARAndroidRefreshView.m in Sources */ = {isa = PBXBuildFile; fileRef = A69DCC561D5CE076005557FC /* ARAndroidRefreshView.m */; };
		A69DCC5B1D5CE076005557FC /* refresh_round_arrow@2x.png in Resources */ = {isa = PBXBuildFile; fileRef = A69DCC571D5CE076005557FC /* refresh_round_arrow@2x.png */; };
		A69DCC5C1D5CE076005557FC /* UIView+AndroidRefresh.m in Sources */ = {isa = PBXBuildFile; fileRef = A69DCC591D5CE076005557FC /* UIView+AndroidRefresh.m */; };
/* End PBXBuildFile section */

/* Begin PBXFileReference section */
		A69DCC071D5CDF51005557FC /* Demo.app */ = {isa = PBXFileReference; explicitFileType = wrapper.application; includeInIndex = 0; path = Demo.app; sourceTree = BUILT_PRODUCTS_DIR; };
		A69DCC0B1D5CDF51005557FC /* main.m */ = {isa = PBXFileReference; lastKnownFileType = sourcecode.c.objc; path = main.m; sourceTree = "<group>"; };
		A69DCC0D1D5CDF51005557FC /* AppDelegate.h */ = {isa = PBXFileReference; lastKnownFileType = sourcecode.c.h; path = AppDelegate.h; sourceTree = "<group>"; };
		A69DCC0E1D5CDF51005557FC /* AppDelegate.m */ = {isa = PBXFileReference; lastKnownFileType = sourcecode.c.objc; path = AppDelegate.m; sourceTree = "<group>"; };
		A69DCC101D5CDF51005557FC /* ViewController.h */ = {isa = PBXFileReference; lastKnownFileType = sourcecode.c.h; path = ViewController.h; sourceTree = "<group>"; };
		A69DCC111D5CDF51005557FC /* ViewController.m */ = {isa = PBXFileReference; lastKnownFileType = sourcecode.c.objc; path = ViewController.m; sourceTree = "<group>"; };
		A69DCC141D5CDF51005557FC /* Base */ = {isa = PBXFileReference; lastKnownFileType = file.storyboard; name = Base; path = Base.lproj/Main.storyboard; sourceTree = "<group>"; };
		A69DCC161D5CDF51005557FC /* Assets.xcassets */ = {isa = PBXFileReference; lastKnownFileType = folder.assetcatalog; path = Assets.xcassets; sourceTree = "<group>"; };
		A69DCC191D5CDF51005557FC /* Base */ = {isa = PBXFileReference; lastKnownFileType = file.storyboard; name = Base; path = Base.lproj/LaunchScreen.storyboard; sourceTree = "<group>"; };
		A69DCC1B1D5CDF51005557FC /* Info.plist */ = {isa = PBXFileReference; lastKnownFileType = text.plist.xml; path = Info.plist; sourceTree = "<group>"; };
		A69DCC341D5CE000005557FC /* MASCompositeConstraint.h */ = {isa = PBXFileReference; fileEncoding = 4; lastKnownFileType = sourcecode.c.h; path = MASCompositeConstraint.h; sourceTree = "<group>"; };
		A69DCC351D5CE000005557FC /* MASCompositeConstraint.m */ = {isa = PBXFileReference; fileEncoding = 4; lastKnownFileType = sourcecode.c.objc; path = MASCompositeConstraint.m; sourceTree = "<group>"; };
		A69DCC361D5CE000005557FC /* MASConstraint+Private.h */ = {isa = PBXFileReference; fileEncoding = 4; lastKnownFileType = sourcecode.c.h; path = "MASConstraint+Private.h"; sourceTree = "<group>"; };
		A69DCC371D5CE000005557FC /* MASConstraint.h */ = {isa = PBXFileReference; fileEncoding = 4; lastKnownFileType = sourcecode.c.h; path = MASConstraint.h; sourceTree = "<group>"; };
		A69DCC381D5CE000005557FC /* MASConstraint.m */ = {isa = PBXFileReference; fileEncoding = 4; lastKnownFileType = sourcecode.c.objc; path = MASConstraint.m; sourceTree = "<group>"; };
		A69DCC391D5CE000005557FC /* MASConstraintMaker.h */ = {isa = PBXFileReference; fileEncoding = 4; lastKnownFileType = sourcecode.c.h; path = MASConstraintMaker.h; sourceTree = "<group>"; };
		A69DCC3A1D5CE000005557FC /* MASConstraintMaker.m */ = {isa = PBXFileReference; fileEncoding = 4; lastKnownFileType = sourcecode.c.objc; path = MASConstraintMaker.m; sourceTree = "<group>"; };
		A69DCC3B1D5CE000005557FC /* MASLayoutConstraint.h */ = {isa = PBXFileReference; fileEncoding = 4; lastKnownFileType = sourcecode.c.h; path = MASLayoutConstraint.h; sourceTree = "<group>"; };
		A69DCC3C1D5CE000005557FC /* MASLayoutConstraint.m */ = {isa = PBXFileReference; fileEncoding = 4; lastKnownFileType = sourcecode.c.objc; path = MASLayoutConstraint.m; sourceTree = "<group>"; };
		A69DCC3D1D5CE000005557FC /* Masonry.h */ = {isa = PBXFileReference; fileEncoding = 4; lastKnownFileType = sourcecode.c.h; path = Masonry.h; sourceTree = "<group>"; };
		A69DCC3E1D5CE000005557FC /* MASUtilities.h */ = {isa = PBXFileReference; fileEncoding = 4; lastKnownFileType = sourcecode.c.h; path = MASUtilities.h; sourceTree = "<group>"; };
		A69DCC3F1D5CE000005557FC /* MASViewAttribute.h */ = {isa = PBXFileReference; fileEncoding = 4; lastKnownFileType = sourcecode.c.h; path = MASViewAttribute.h; sourceTree = "<group>"; };
		A69DCC401D5CE000005557FC /* MASViewAttribute.m */ = {isa = PBXFileReference; fileEncoding = 4; lastKnownFileType = sourcecode.c.objc; path = MASViewAttribute.m; sourceTree = "<group>"; };
		A69DCC411D5CE000005557FC /* MASViewConstraint.h */ = {isa = PBXFileReference; fileEncoding = 4; lastKnownFileType = sourcecode.c.h; path = MASViewConstraint.h; sourceTree = "<group>"; };
		A69DCC421D5CE000005557FC /* MASViewConstraint.m */ = {isa = PBXFileReference; fileEncoding = 4; lastKnownFileType = sourcecode.c.objc; path = MASViewConstraint.m; sourceTree = "<group>"; };
		A69DCC431D5CE000005557FC /* NSArray+MASAdditions.h */ = {isa = PBXFileReference; fileEncoding = 4; lastKnownFileType = sourcecode.c.h; path = "NSArray+MASAdditions.h"; sourceTree = "<group>"; };
		A69DCC441D5CE000005557FC /* NSArray+MASAdditions.m */ = {isa = PBXFileReference; fileEncoding = 4; lastKnownFileType = sourcecode.c.objc; path = "NSArray+MASAdditions.m"; sourceTree = "<group>"; };
		A69DCC451D5CE000005557FC /* NSArray+MASShorthandAdditions.h */ = {isa = PBXFileReference; fileEncoding = 4; lastKnownFileType = sourcecode.c.h; path = "NSArray+MASShorthandAdditions.h"; sourceTree = "<group>"; };
		A69DCC461D5CE000005557FC /* NSLayoutConstraint+MASDebugAdditions.h */ = {isa = PBXFileReference; fileEncoding = 4; lastKnownFileType = sourcecode.c.h; path = "NSLayoutConstraint+MASDebugAdditions.h"; sourceTree = "<group>"; };
		A69DCC471D5CE000005557FC /* NSLayoutConstraint+MASDebugAdditions.m */ = {isa = PBXFileReference; fileEncoding = 4; lastKnownFileType = sourcecode.c.objc; path = "NSLayoutConstraint+MASDebugAdditions.m"; sourceTree = "<group>"; };
		A69DCC481D5CE000005557FC /* View+MASAdditions.h */ = {isa = PBXFileReference; fileEncoding = 4; lastKnownFileType = sourcecode.c.h; path = "View+MASAdditions.h"; sourceTree = "<group>"; };
		A69DCC491D5CE000005557FC /* View+MASAdditions.m */ = {isa = PBXFileReference; fileEncoding = 4; lastKnownFileType = sourcecode.c.objc; path = "View+MASAdditions.m"; sourceTree = "<group>"; };
		A69DCC4A1D5CE000005557FC /* View+MASShorthandAdditions.h */ = {isa = PBXFileReference; fileEncoding = 4; lastKnownFileType = sourcecode.c.h; path = "View+MASShorthandAdditions.h"; sourceTree = "<group>"; };
		A69DCC551D5CE076005557FC /* ARAndroidRefreshView.h */ = {isa = PBXFileReference; fileEncoding = 4; lastKnownFileType = sourcecode.c.h; path = ARAndroidRefreshView.h; sourceTree = "<group>"; };
		A69DCC561D5CE076005557FC /* ARAndroidRefreshView.m */ = {isa = PBXFileReference; fileEncoding = 4; lastKnownFileType = sourcecode.c.objc; path = ARAndroidRefreshView.m; sourceTree = "<group>"; };
		A69DCC571D5CE076005557FC /* refresh_round_arrow@2x.png */ = {isa = PBXFileReference; lastKnownFileType = image.png; path = "refresh_round_arrow@2x.png"; sourceTree = "<group>"; };
		A69DCC581D5CE076005557FC /* UIView+AndroidRefresh.h */ = {isa = PBXFileReference; fileEncoding = 4; lastKnownFileType = sourcecode.c.h; path = "UIView+AndroidRefresh.h"; sourceTree = "<group>"; };
		A69DCC591D5CE076005557FC /* UIView+AndroidRefresh.m */ = {isa = PBXFileReference; fileEncoding = 4; lastKnownFileType = sourcecode.c.objc; path = "UIView+AndroidRefresh.m"; sourceTree = "<group>"; };
/* End PBXFileReference section */

/* Begin PBXFrameworksBuildPhase section */
		A69DCC041D5CDF51005557FC /* Frameworks */ = {
			isa = PBXFrameworksBuildPhase;
			buildActionMask = 2147483647;
			files = (
			);
			runOnlyForDeploymentPostprocessing = 0;
		};
/* End PBXFrameworksBuildPhase section */

/* Begin PBXGroup section */
		A69DCBFE1D5CDF51005557FC = {
			isa = PBXGroup;
			children = (
				A69DCC541D5CE076005557FC /* UIView+AndroidRefresh */,
				A69DCC331D5CE000005557FC /* Masonry */,
				A69DCC091D5CDF51005557FC /* Demo */,
				A69DCC081D5CDF51005557FC /* Products */,
			);
			sourceTree = "<group>";
		};
		A69DCC081D5CDF51005557FC /* Products */ = {
			isa = PBXGroup;
			children = (
				A69DCC071D5CDF51005557FC /* Demo.app */,
			);
			name = Products;
			sourceTree = "<group>";
		};
		A69DCC091D5CDF51005557FC /* Demo */ = {
			isa = PBXGroup;
			children = (
				A69DCC0D1D5CDF51005557FC /* AppDelegate.h */,
				A69DCC0E1D5CDF51005557FC /* AppDelegate.m */,
				A69DCC101D5CDF51005557FC /* ViewController.h */,
				A69DCC111D5CDF51005557FC /* ViewController.m */,
				A69DCC131D5CDF51005557FC /* Main.storyboard */,
				A69DCC161D5CDF51005557FC /* Assets.xcassets */,
				A69DCC181D5CDF51005557FC /* LaunchScreen.storyboard */,
				A69DCC1B1D5CDF51005557FC /* Info.plist */,
				A69DCC0A1D5CDF51005557FC /* Supporting Files */,
			);
			path = Demo;
			sourceTree = "<group>";
		};
		A69DCC0A1D5CDF51005557FC /* Supporting Files */ = {
			isa = PBXGroup;
			children = (
				A69DCC0B1D5CDF51005557FC /* main.m */,
			);
			name = "Supporting Files";
			sourceTree = "<group>";
		};
		A69DCC331D5CE000005557FC /* Masonry */ = {
			isa = PBXGroup;
			children = (
				A69DCC341D5CE000005557FC /* MASCompositeConstraint.h */,
				A69DCC351D5CE000005557FC /* MASCompositeConstraint.m */,
				A69DCC361D5CE000005557FC /* MASConstraint+Private.h */,
				A69DCC371D5CE000005557FC /* MASConstraint.h */,
				A69DCC381D5CE000005557FC /* MASConstraint.m */,
				A69DCC391D5CE000005557FC /* MASConstraintMaker.h */,
				A69DCC3A1D5CE000005557FC /* MASConstraintMaker.m */,
				A69DCC3B1D5CE000005557FC /* MASLayoutConstraint.h */,
				A69DCC3C1D5CE000005557FC /* MASLayoutConstraint.m */,
				A69DCC3D1D5CE000005557FC /* Masonry.h */,
				A69DCC3E1D5CE000005557FC /* MASUtilities.h */,
				A69DCC3F1D5CE000005557FC /* MASViewAttribute.h */,
				A69DCC401D5CE000005557FC /* MASViewAttribute.m */,
				A69DCC411D5CE000005557FC /* MASViewConstraint.h */,
				A69DCC421D5CE000005557FC /* MASViewConstraint.m */,
				A69DCC431D5CE000005557FC /* NSArray+MASAdditions.h */,
				A69DCC441D5CE000005557FC /* NSArray+MASAdditions.m */,
				A69DCC451D5CE000005557FC /* NSArray+MASShorthandAdditions.h */,
				A69DCC461D5CE000005557FC /* NSLayoutConstraint+MASDebugAdditions.h */,
				A69DCC471D5CE000005557FC /* NSLayoutConstraint+MASDebugAdditions.m */,
				A69DCC481D5CE000005557FC /* View+MASAdditions.h */,
				A69DCC491D5CE000005557FC /* View+MASAdditions.m */,
				A69DCC4A1D5CE000005557FC /* View+MASShorthandAdditions.h */,
			);
			path = Masonry;
			sourceTree = SOURCE_ROOT;
		};
		A69DCC541D5CE076005557FC /* UIView+AndroidRefresh */ = {
			isa = PBXGroup;
			children = (
				A69DCC551D5CE076005557FC /* ARAndroidRefreshView.h */,
				A69DCC561D5CE076005557FC /* ARAndroidRefreshView.m */,
				A69DCC571D5CE076005557FC /* refresh_round_arrow@2x.png */,
				A69DCC581D5CE076005557FC /* UIView+AndroidRefresh.h */,
				A69DCC591D5CE076005557FC /* UIView+AndroidRefresh.m */,
			);
			name = "UIView+AndroidRefresh";
			path = "../UIView+AndroidRefresh";
			sourceTree = "<group>";
		};
/* End PBXGroup section */

/* Begin PBXNativeTarget section */
		A69DCC061D5CDF51005557FC /* Demo */ = {
			isa = PBXNativeTarget;
			buildConfigurationList = A69DCC1E1D5CDF51005557FC /* Build configuration list for PBXNativeTarget "Demo" */;
			buildPhases = (
				A69DCC031D5CDF51005557FC /* Sources */,
				A69DCC041D5CDF51005557FC /* Frameworks */,
				A69DCC051D5CDF51005557FC /* Resources */,
			);
			buildRules = (
			);
			dependencies = (
			);
			name = Demo;
			productName = Demo;
			productReference = A69DCC071D5CDF51005557FC /* Demo.app */;
			productType = "com.apple.product-type.application";
		};
/* End PBXNativeTarget section */

/* Begin PBXProject section */
		A69DCBFF1D5CDF51005557FC /* Project object */ = {
			isa = PBXProject;
			attributes = {
				LastUpgradeCheck = 0730;
				ORGANIZATIONNAME = ccnyou;
				TargetAttributes = {
					A69DCC061D5CDF51005557FC = {
						CreatedOnToolsVersion = 7.3.1;
					};
				};
			};
			buildConfigurationList = A69DCC021D5CDF51005557FC /* Build configuration list for PBXProject "Demo" */;
			compatibilityVersion = "Xcode 3.2";
			developmentRegion = English;
			hasScannedForEncodings = 0;
			knownRegions = (
				en,
				Base,
			);
			mainGroup = A69DCBFE1D5CDF51005557FC;
			productRefGroup = A69DCC081D5CDF51005557FC /* Products */;
			projectDirPath = "";
			projectRoot = "";
			targets = (
				A69DCC061D5CDF51005557FC /* Demo */,
			);
		};
/* End PBXProject section */

/* Begin PBXResourcesBuildPhase section */
		A69DCC051D5CDF51005557FC /* Resources */ = {
			isa = PBXResourcesBuildPhase;
			buildActionMask = 2147483647;
			files = (
				A69DCC1A1D5CDF51005557FC /* LaunchScreen.storyboard in Resources */,
				A69DCC171D5CDF51005557FC /* Assets.xcassets in Resources */,
				A69DCC151D5CDF51005557FC /* Main.storyboard in Resources */,
				A69DCC5B1D5CE076005557FC /* refresh_round_arrow@2x.png in Resources */,
			);
			runOnlyForDeploymentPostprocessing = 0;
		};
/* End PBXResourcesBuildPhase section */

/* Begin PBXSourcesBuildPhase section */
		A69DCC031D5CDF51005557FC /* Sources */ = {
			isa = PBXSourcesBuildPhase;
			buildActionMask = 2147483647;
			files = (
				A69DCC521D5CE000005557FC /* NSLayoutConstraint+MASDebugAdditions.m in Sources */,
				A69DCC121D5CDF51005557FC /* ViewController.m in Sources */,
				A69DCC501D5CE000005557FC /* MASViewConstraint.m in Sources */,
				A69DCC0F1D5CDF51005557FC /* AppDelegate.m in Sources */,
				A69DCC0C1D5CDF51005557FC /* main.m in Sources */,
				A69DCC531D5CE000005557FC /* View+MASAdditions.m in Sources */,
				A69DCC4B1D5CE000005557FC /* MASCompositeConstraint.m in Sources */,
				A69DCC4F1D5CE000005557FC /* MASViewAttribute.m in Sources */,
				A69DCC4D1D5CE000005557FC /* MASConstraintMaker.m in Sources */,
				A69DCC511D5CE000005557FC /* NSArray+MASAdditions.m in Sources */,
				A69DCC5C1D5CE076005557FC /* UIView+AndroidRefresh.m in Sources */,
				A69DCC4C1D5CE000005557FC /* MASConstraint.m in Sources */,
				A69DCC5A1D5CE076005557FC /* ARAndroidRefreshView.m in Sources */,
				A69DCC4E1D5CE000005557FC /* MASLayoutConstraint.m in Sources */,
			);
			runOnlyForDeploymentPostprocessing = 0;
		};
/* End PBXSourcesBuildPhase section */

/* Begin PBXVariantGroup section */
		A69DCC131D5CDF51005557FC /* Main.storyboard */ = {
			isa = PBXVariantGroup;
			children = (
				A69DCC141D5CDF51005557FC /* Base */,
			);
			name = Main.storyboard;
			sourceTree = "<group>";
		};
		A69DCC181D5CDF51005557FC /* LaunchScreen.storyboard */ = {
			isa = PBXVariantGroup;
			children = (
				A69DCC191D5CDF51005557FC /* Base */,
			);
			name = LaunchScreen.storyboard;
			sourceTree = "<group>";
		};
/* End PBXVariantGroup section */

/* Begin XCBuildConfiguration section */
		A69DCC1C1D5CDF51005557FC /* Debug */ = {
			isa = XCBuildConfiguration;
			buildSettings = {
				ALWAYS_SEARCH_USER_PATHS = NO;
				CLANG_ANALYZER_NONNULL = YES;
				CLANG_CXX_LANGUAGE_STANDARD = "gnu++0x";
				CLANG_CXX_LIBRARY = "libc++";
				CLANG_ENABLE_MODULES = YES;
				CLANG_ENABLE_OBJC_ARC = YES;
				CLANG_WARN_BOOL_CONVERSION = YES;
				CLANG_WARN_CONSTANT_CONVERSION = YES;
				CLANG_WARN_DIRECT_OBJC_ISA_USAGE = YES_ERROR;
				CLANG_WARN_EMPTY_BODY = YES;
				CLANG_WARN_ENUM_CONVERSION = YES;
				CLANG_WARN_INT_CONVERSION = YES;
				CLANG_WARN_OBJC_ROOT_CLASS = YES_ERROR;
				CLANG_WARN_UNREACHABLE_CODE = YES;
				CLANG_WARN__DUPLICATE_METHOD_MATCH = YES;
				"CODE_SIGN_IDENTITY[sdk=iphoneos*]" = "iPhone Developer";
				COPY_PHASE_STRIP = NO;
				DEBUG_INFORMATION_FORMAT = dwarf;
				ENABLE_STRICT_OBJC_MSGSEND = YES;
				ENABLE_TESTABILITY = YES;
				GCC_C_LANGUAGE_STANDARD = gnu99;
				GCC_DYNAMIC_NO_PIC = NO;
				GCC_NO_COMMON_BLOCKS = YES;
				GCC_OPTIMIZATION_LEVEL = 0;
				GCC_PREPROCESSOR_DEFINITIONS = (
					"DEBUG=1",
					"$(inherited)",
				);
				GCC_WARN_64_TO_32_BIT_CONVERSION = YES;
				GCC_WARN_ABOUT_RETURN_TYPE = YES_ERROR;
				GCC_WARN_UNDECLARED_SELECTOR = YES;
				GCC_WARN_UNINITIALIZED_AUTOS = YES_AGGRESSIVE;
				GCC_WARN_UNUSED_FUNCTION = YES;
				GCC_WARN_UNUSED_VARIABLE = YES;
				IPHONEOS_DEPLOYMENT_TARGET = 9.3;
				MTL_ENABLE_DEBUG_INFO = YES;
				ONLY_ACTIVE_ARCH = YES;
				SDKROOT = iphoneos;
			};
			name = Debug;
		};
		A69DCC1D1D5CDF51005557FC /* Release */ = {
			isa = XCBuildConfiguration;
			buildSettings = {
				ALWAYS_SEARCH_USER_PATHS = NO;
				CLANG_ANALYZER_NONNULL = YES;
				CLANG_CXX_LANGUAGE_STANDARD = "gnu++0x";
				CLANG_CXX_LIBRARY = "libc++";
				CLANG_ENABLE_MODULES = YES;
				CLANG_ENABLE_OBJC_ARC = YES;
				CLANG_WARN_BOOL_CONVERSION = YES;
				CLANG_WARN_CONSTANT_CONVERSION = YES;
				CLANG_WARN_DIRECT_OBJC_ISA_USAGE = YES_ERROR;
				CLANG_WARN_EMPTY_BODY = YES;
				CLANG_WARN_ENUM_CONVERSION = YES;
				CLANG_WARN_INT_CONVERSION = YES;
				CLANG_WARN_OBJC_ROOT_CLASS = YES_ERROR;
				CLANG_WARN_UNREACHABLE_CODE = YES;
				CLANG_WARN__DUPLICATE_METHOD_MATCH = YES;
				"CODE_SIGN_IDENTITY[sdk=iphoneos*]" = "iPhone Developer";
				COPY_PHASE_STRIP = NO;
				DEBUG_INFORMATION_FORMAT = "dwarf-with-dsym";
				ENABLE_NS_ASSERTIONS = NO;
				ENABLE_STRICT_OBJC_MSGSEND = YES;
				GCC_C_LANGUAGE_STANDARD = gnu99;
				GCC_NO_COMMON_BLOCKS = YES;
				GCC_WARN_64_TO_32_BIT_CONVERSION = YES;
				GCC_WARN_ABOUT_RETURN_TYPE = YES_ERROR;
				GCC_WARN_UNDECLARED_SELECTOR = YES;
				GCC_WARN_UNINITIALIZED_AUTOS = YES_AGGRESSIVE;
				GCC_WARN_UNUSED_FUNCTION = YES;
				GCC_WARN_UNUSED_VARIABLE = YES;
				IPHONEOS_DEPLOYMENT_TARGET = 9.3;
				MTL_ENABLE_DEBUG_INFO = NO;
				SDKROOT = iphoneos;
				VALIDATE_PRODUCT = YES;
			};
			name = Release;
		};
		A69DCC1F1D5CDF51005557FC /* Debug */ = {
			isa = XCBuildConfiguration;
			buildSettings = {
				ASSETCATALOG_COMPILER_APPICON_NAME = AppIcon;
				INFOPLIST_FILE = Demo/Info.plist;
				IPHONEOS_DEPLOYMENT_TARGET = 8.0;
				LD_RUNPATH_SEARCH_PATHS = "$(inherited) @executable_path/Frameworks";
				PRODUCT_BUNDLE_IDENTIFIER = com.ccnyou.Demo;
				PRODUCT_NAME = "$(TARGET_NAME)";
			};
			name = Debug;
		};
		A69DCC201D5CDF51005557FC /* Release */ = {
			isa = XCBuildConfiguration;
			buildSettings = {
				ASSETCATALOG_COMPILER_APPICON_NAME = AppIcon;
				INFOPLIST_FILE = Demo/Info.plist;
				IPHONEOS_DEPLOYMENT_TARGET = 8.0;
				LD_RUNPATH_SEARCH_PATHS = "$(inherited) @executable_path/Frameworks";
				PRODUCT_BUNDLE_IDENTIFIER = com.ccnyou.Demo;
				PRODUCT_NAME = "$(TARGET_NAME)";
			};
			name = Release;
		};
/* End XCBuildConfiguration section */

/* Begin XCConfigurationList section */
		A69DCC021D5CDF51005557FC /* Build configuration list for PBXProject "Demo" */ = {
			isa = XCConfigurationList;
			buildConfigurations = (
				A69DCC1C1D5CDF51005557FC /* Debug */,
				A69DCC1D1D5CDF51005557FC /* Release */,
			);
			defaultConfigurationIsVisible = 0;
			defaultConfigurationName = Release;
		};
		A69DCC1E1D5CDF51005557FC /* Build configuration list for PBXNativeTarget "Demo" */ = {
			isa = XCConfigurationList;
			buildConfigurations = (
				A69DCC1F1D5CDF51005557FC /* Debug */,
				A69DCC201D5CDF51005557FC /* Release */,
			);
			defaultConfigurationIsVisible = 0;
		};
/* End XCConfigurationList section */
	};
	rootObject = A69DCBFF1D5CDF51005557FC /* Project object */;
}
